
Microsoft Visual Studio Solution File, Format Version 12.00
# Visual Studio Version 17
VisualStudioVersion = 17.0.32014.148
MinimumVisualStudioVersion = 10.0.40219.1
Project("{8BC9CEB8-8B4A-11D0-8D11-00A0C91BC942}") = "benchMark", "benchMark.vcxproj", "{3B8995FF-8BA1-4003-A665-8598E335587E}"
EndProject
Global
	GlobalSection(SolutionConfigurationPlatforms) = preSolution
		Avx|x64 = Avx|x64
		Avx2|x64 = Avx2|x64
		avx512|x64 = avx512|x64
		Debug|x64 = Debug|x64
		sse2|x64 = sse2|x64
	EndGlobalSection
	GlobalSection(ProjectConfigurationPlatforms) = postSolution
		{3B8995FF-8BA1-4003-A665-8598E335587E}.Avx|x64.ActiveCfg = Avx|x64
		{3B8995FF-8BA1-4003-A665-8598E335587E}.Avx|x64.Build.0 = Avx|x64
		{3B8995FF-8BA1-4003-A665-8598E335587E}.Avx2|x64.ActiveCfg = Avx2|x64
		{3B8995FF-8BA1-4003-A665-8598E335587E}.Avx2|x64.Build.0 = Avx2|x64
		{3B8995FF-8BA1-4003-A665-8598E335587E}.avx512|x64.ActiveCfg = avx512|x64
		{3B8995FF-8BA1-4003-A665-8598E335587E}.avx512|x64.Build.0 = avx512|x64
		{3B8995FF-8BA1-4003-A665-8598E335587E}.Debug|x64.ActiveCfg = Debug|x64
		{3B8995FF-8BA1-4003-A665-8598E335587E}.Debug|x64.Build.0 = Debug|x64
		{3B8995FF-8BA1-4003-A665-8598E335587E}.sse2|x64.ActiveCfg = sse2|x64
		{3B8995FF-8BA1-4003-A665-8598E335587E}.sse2|x64.Build.0 = sse2|x64
	EndGlobalSection
	GlobalSection(SolutionProperties) = preSolution
		HideSolutionNode = FALSE
	EndGlobalSection
	GlobalSection(ExtensibilityGlobals) = postSolution
		SolutionGuid = {7F152A7B-A224-4AFF-91D4-092A327F2B42}
	EndGlobalSection
EndGlobal
